
Microsoft Visual Studio Solution File, Format Version 12.00
# Visual Studio Version 17
VisualStudioVersion = 17.10.34916.146
MinimumVisualStudioVersion = 10.0.40219.1
Project("{FAE04EC0-301F-11D3-BF4B-00C04F79EFBC}") = "api-sistema-recompensas", "api-sistema-recompensas\api-sistema-recompensas.csproj", "{23B8898D-4389-44EF-8A27-3BBAE2DAA529}"
EndProject
Global
	GlobalSection(SolutionConfigurationPlatforms) = preSolution
		Debug|Any CPU = Debug|Any CPU
		Release|Any CPU = Release|Any CPU
	EndGlobalSection
	GlobalSection(ProjectConfigurationPlatforms) = postSolution
		{23B8898D-4389-44EF-8A27-3BBAE2DAA529}.Debug|Any CPU.ActiveCfg = Debug|Any CPU
		{23B8898D-4389-44EF-8A27-3BBAE2DAA529}.Debug|Any CPU.Build.0 = Debug|Any CPU
		{23B8898D-4389-44EF-8A27-3BBAE2DAA529}.Release|Any CPU.ActiveCfg = Release|Any CPU
		{23B8898D-4389-44EF-8A27-3BBAE2DAA529}.Release|Any CPU.Build.0 = Release|Any CPU
	EndGlobalSection
	GlobalSection(SolutionProperties) = preSolution
		HideSolutionNode = FALSE
	EndGlobalSection
	GlobalSection(ExtensibilityGlobals) = postSolution
		SolutionGuid = {E7040A69-B75B-4CC9-8762-31DEDF1A33CF}
	EndGlobalSection
EndGlobal
